
Microsoft Visual Studio Solution File, Format Version 12.00
# Visual Studio Version 17
VisualStudioVersion = 17.11.35222.181
MinimumVisualStudioVersion = 10.0.40219.1
Project("{FAE04EC0-301F-11D3-BF4B-00C04F79EFBC}") = "Snake_Elovikov_Galkin", "Snake_Elovikov_Galkin\Snake_Elovikov_Galkin.csproj", "{7419F674-592F-494A-A9CD-E8DFCFAC173A}"
EndProject
Global
	GlobalSection(SolutionConfigurationPlatforms) = preSolution
		Debug|Any CPU = Debug|Any CPU
		Release|Any CPU = Release|Any CPU
	EndGlobalSection
	GlobalSection(ProjectConfigurationPlatforms) = postSolution
		{7419F674-592F-494A-A9CD-E8DFCFAC173A}.Debug|Any CPU.ActiveCfg = Debug|Any CPU
		{7419F674-592F-494A-A9CD-E8DFCFAC173A}.Debug|Any CPU.Build.0 = Debug|Any CPU
		{7419F674-592F-494A-A9CD-E8DFCFAC173A}.Release|Any CPU.ActiveCfg = Release|Any CPU
		{7419F674-592F-494A-A9CD-E8DFCFAC173A}.Release|Any CPU.Build.0 = Release|Any CPU
	EndGlobalSection
	GlobalSection(SolutionProperties) = preSolution
		HideSolutionNode = FALSE
	EndGlobalSection
	GlobalSection(ExtensibilityGlobals) = postSolution
		SolutionGuid = {60D06B2A-7337-47B3-BB06-685CEA2F94B4}
	EndGlobalSection
EndGlobal
